
Microsoft Visual Studio Solution File, Format Version 12.00
# Visual Studio 15
VisualStudioVersion = 15.0.27428.2037
MinimumVisualStudioVersion = 10.0.40219.1
Project("{FAE04EC0-301F-11D3-BF4B-00C04F79EFBC}") = "StorageMaster", "StorageMaster\StorageMaster.csproj", "{218DAFBA-18AD-453E-8178-B8363CC0A388}"
EndProject
Global
	GlobalSection(SolutionConfigurationPlatforms) = preSolution
		Debug|Any CPU = Debug|Any CPU
		Release|Any CPU = Release|Any CPU
	EndGlobalSection
	GlobalSection(ProjectConfigurationPlatforms) = postSolution
		{218DAFBA-18AD-453E-8178-B8363CC0A388}.Debug|Any CPU.ActiveCfg = Debug|Any CPU
		{218DAFBA-18AD-453E-8178-B8363CC0A388}.Debug|Any CPU.Build.0 = Debug|Any CPU
		{218DAFBA-18AD-453E-8178-B8363CC0A388}.Release|Any CPU.ActiveCfg = Release|Any CPU
		{218DAFBA-18AD-453E-8178-B8363CC0A388}.Release|Any CPU.Build.0 = Release|Any CPU
	EndGlobalSection
	GlobalSection(SolutionProperties) = preSolution
		HideSolutionNode = FALSE
	EndGlobalSection
	GlobalSection(ExtensibilityGlobals) = postSolution
		SolutionGuid = {3FDF135A-9F26-439C-A582-4329DA8A5599}
	EndGlobalSection
EndGlobal
